// !$*UTF8*$!
{
	archiveVersion = 1;
	classes = {
	};
	objectVersion = 48;
	objects = {

/* Begin PBXBuildFile section */
		BD2B6A242060A9420096C2EA /* AppDelegate.swift in Sources */ = {isa = PBXBuildFile; fileRef = BD2B6A232060A9420096C2EA /* AppDelegate.swift */; };
		BD2B6A262060A9420096C2EA /* ViewController.swift in Sources */ = {isa = PBXBuildFile; fileRef = BD2B6A252060A9420096C2EA /* ViewController.swift */; };
		BD2B6A292060A9420096C2EA /* Main.storyboard in Resources */ = {isa = PBXBuildFile; fileRef = BD2B6A272060A9420096C2EA /* Main.storyboard */; };
		BD2B6A2B2060A9420096C2EA /* Assets.xcassets in Resources */ = {isa = PBXBuildFile; fileRef = BD2B6A2A2060A9420096C2EA /* Assets.xcassets */; };
		BD2B6A2E2060A9420096C2EA /* LaunchScreen.storyboard in Resources */ = {isa = PBXBuildFile; fileRef = BD2B6A2C2060A9420096C2EA /* LaunchScreen.storyboard */; };
		BD2B6A392060A9420096C2EA /* parseChatTests.swift in Sources */ = {isa = PBXBuildFile; fileRef = BD2B6A382060A9420096C2EA /* parseChatTests.swift */; };
		BD2B6A442060A9430096C2EA /* parseChatUITests.swift in Sources */ = {isa = PBXBuildFile; fileRef = BD2B6A432060A9430096C2EA /* parseChatUITests.swift */; };
/* End PBXBuildFile section */

/* Begin PBXContainerItemProxy section */
		BD2B6A352060A9420096C2EA /* PBXContainerItemProxy */ = {
			isa = PBXContainerItemProxy;
			containerPortal = BD2B6A182060A9420096C2EA /* Project object */;
			proxyType = 1;
			remoteGlobalIDString = BD2B6A1F2060A9420096C2EA;
			remoteInfo = parseChat;
		};
		BD2B6A402060A9430096C2EA /* PBXContainerItemProxy */ = {
			isa = PBXContainerItemProxy;
			containerPortal = BD2B6A182060A9420096C2EA /* Project object */;
			proxyType = 1;
			remoteGlobalIDString = BD2B6A1F2060A9420096C2EA;
			remoteInfo = parseChat;
		};
/* End PBXContainerItemProxy section */

/* Begin PBXFileReference section */
		BD2B6A202060A9420096C2EA /* parseChat.app */ = {isa = PBXFileReference; explicitFileType = wrapper.application; includeInIndex = 0; path = parseChat.app; sourceTree = BUILT_PRODUCTS_DIR; };
		BD2B6A232060A9420096C2EA /* AppDelegate.swift */ = {isa = PBXFileReference; lastKnownFileType = sourcecode.swift; path = AppDelegate.swift; sourceTree = "<group>"; };
		BD2B6A252060A9420096C2EA /* ViewController.swift */ = {isa = PBXFileReference; lastKnownFileType = sourcecode.swift; path = ViewController.swift; sourceTree = "<group>"; };
		BD2B6A282060A9420096C2EA /* Base */ = {isa = PBXFileReference; lastKnownFileType = file.storyboard; name = Base; path = Base.lproj/Main.storyboard; sourceTree = "<group>"; };
		BD2B6A2A2060A9420096C2EA /* Assets.xcassets */ = {isa = PBXFileReference; lastKnownFileType = folder.assetcatalog; path = Assets.xcassets; sourceTree = "<group>"; };
		BD2B6A2D2060A9420096C2EA /* Base */ = {isa = PBXFileReference; lastKnownFileType = file.storyboard; name = Base; path = Base.lproj/LaunchScreen.storyboard; sourceTree = "<group>"; };
		BD2B6A2F2060A9420096C2EA /* Info.plist */ = {isa = PBXFileReference; lastKnownFileType = text.plist.xml; path = Info.plist; sourceTree = "<group>"; };
		BD2B6A342060A9420096C2EA /* parseChatTests.xctest */ = {isa = PBXFileReference; explicitFileType = wrapper.cfbundle; includeInIndex = 0; path = parseChatTests.xctest; sourceTree = BUILT_PRODUCTS_DIR; };
		BD2B6A382060A9420096C2EA /* parseChatTests.swift */ = {isa = PBXFileReference; lastKnownFileType = sourcecode.swift; path = parseChatTests.swift; sourceTree = "<group>"; };
		BD2B6A3A2060A9420096C2EA /* Info.plist */ = {isa = PBXFileReference; lastKnownFileType = text.plist.xml; path = Info.plist; sourceTree = "<group>"; };
		BD2B6A3F2060A9430096C2EA /* parseChatUITests.xctest */ = {isa = PBXFileReference; explicitFileType = wrapper.cfbundle; includeInIndex = 0; path = parseChatUITests.xctest; sourceTree = BUILT_PRODUCTS_DIR; };
		BD2B6A432060A9430096C2EA /* parseChatUITests.swift */ = {isa = PBXFileReference; lastKnownFileType = sourcecode.swift; path = parseChatUITests.swift; sourceTree = "<group>"; };
		BD2B6A452060A9430096C2EA /* Info.plist */ = {isa = PBXFileReference; lastKnownFileType = text.plist.xml; path = Info.plist; sourceTree = "<group>"; };
/* End PBXFileReference section */

/* Begin PBXFrameworksBuildPhase section */
		BD2B6A1D2060A9420096C2EA /* Frameworks */ = {
			isa = PBXFrameworksBuildPhase;
			buildActionMask = 2147483647;
			files = (
			);
			runOnlyForDeploymentPostprocessing = 0;
		};
		BD2B6A312060A9420096C2EA /* Frameworks */ = {
			isa = PBXFrameworksBuildPhase;
			buildActionMask = 2147483647;
			files = (
			);
			runOnlyForDeploymentPostprocessing = 0;
		};
		BD2B6A3C2060A9430096C2EA /* Frameworks */ = {
			isa = PBXFrameworksBuildPhase;
			buildActionMask = 2147483647;
			files = (
			);
			runOnlyForDeploymentPostprocessing = 0;
		};
/* End PBXFrameworksBuildPhase section */

/* Begin PBXGroup section */
		BD2B6A172060A9420096C2EA = {
			isa = PBXGroup;
			children = (
				BD2B6A222060A9420096C2EA /* parseChat */,
				BD2B6A372060A9420096C2EA /* parseChatTests */,
				BD2B6A422060A9430096C2EA /* parseChatUITests */,
				BD2B6A212060A9420096C2EA /* Products */,
			);
			sourceTree = "<group>";
		};
		BD2B6A212060A9420096C2EA /* Products */ = {
			isa = PBXGroup;
			children = (
				BD2B6A202060A9420096C2EA /* parseChat.app */,
				BD2B6A342060A9420096C2EA /* parseChatTests.xctest */,
				BD2B6A3F2060A9430096C2EA /* parseChatUITests.xctest */,
			);
			name = Products;
			sourceTree = "<group>";
		};
		BD2B6A222060A9420096C2EA /* parseChat */ = {
			isa = PBXGroup;
			children = (
				BD2B6A232060A9420096C2EA /* AppDelegate.swift */,
				BD2B6A252060A9420096C2EA /* ViewController.swift */,
				BD2B6A272060A9420096C2EA /* Main.storyboard */,
				BD2B6A2A2060A9420096C2EA /* Assets.xcassets */,
				BD2B6A2C2060A9420096C2EA /* LaunchScreen.storyboard */,
				BD2B6A2F2060A9420096C2EA /* Info.plist */,
			);
			path = parseChat;
			sourceTree = "<group>";
		};
		BD2B6A372060A9420096C2EA /* parseChatTests */ = {
			isa = PBXGroup;
			children = (
				BD2B6A382060A9420096C2EA /* parseChatTests.swift */,
				BD2B6A3A2060A9420096C2EA /* Info.plist */,
			);
			path = parseChatTests;
			sourceTree = "<group>";
		};
		BD2B6A422060A9430096C2EA /* parseChatUITests */ = {
			isa = PBXGroup;
			children = (
				BD2B6A432060A9430096C2EA /* parseChatUITests.swift */,
				BD2B6A452060A9430096C2EA /* Info.plist */,
			);
			path = parseChatUITests;
			sourceTree = "<group>";
		};
/* End PBXGroup section */

/* Begin PBXNativeTarget section */
		BD2B6A1F2060A9420096C2EA /* parseChat */ = {
			isa = PBXNativeTarget;
			buildConfigurationList = BD2B6A482060A9430096C2EA /* Build configuration list for PBXNativeTarget "parseChat" */;
			buildPhases = (
				BD2B6A1C2060A9420096C2EA /* Sources */,
				BD2B6A1D2060A9420096C2EA /* Frameworks */,
				BD2B6A1E2060A9420096C2EA /* Resources */,
			);
			buildRules = (
			);
			dependencies = (
			);
			name = parseChat;
			productName = parseChat;
			productReference = BD2B6A202060A9420096C2EA /* parseChat.app */;
			productType = "com.apple.product-type.application";
		};
		BD2B6A332060A9420096C2EA /* parseChatTests */ = {
			isa = PBXNativeTarget;
			buildConfigurationList = BD2B6A4B2060A9430096C2EA /* Build configuration list for PBXNativeTarget "parseChatTests" */;
			buildPhases = (
				BD2B6A302060A9420096C2EA /* Sources */,
				BD2B6A312060A9420096C2EA /* Frameworks */,
				BD2B6A322060A9420096C2EA /* Resources */,
			);
			buildRules = (
			);
			dependencies = (
				BD2B6A362060A9420096C2EA /* PBXTargetDependency */,
			);
			name = parseChatTests;
			productName = parseChatTests;
			productReference = BD2B6A342060A9420096C2EA /* parseChatTests.xctest */;
			productType = "com.apple.product-type.bundle.unit-test";
		};
		BD2B6A3E2060A9430096C2EA /* parseChatUITests */ = {
			isa = PBXNativeTarget;
			buildConfigurationList = BD2B6A4E2060A9430096C2EA /* Build configuration list for PBXNativeTarget "parseChatUITests" */;
			buildPhases = (
				BD2B6A3B2060A9430096C2EA /* Sources */,
				BD2B6A3C2060A9430096C2EA /* Frameworks */,
				BD2B6A3D2060A9430096C2EA /* Resources */,
			);
			buildRules = (
			);
			dependencies = (
				BD2B6A412060A9430096C2EA /* PBXTargetDependency */,
			);
			name = parseChatUITests;
			productName = parseChatUITests;
			productReference = BD2B6A3F2060A9430096C2EA /* parseChatUITests.xctest */;
			productType = "com.apple.product-type.bundle.ui-testing";
		};
/* End PBXNativeTarget section */

/* Begin PBXProject section */
		BD2B6A182060A9420096C2EA /* Project object */ = {
			isa = PBXProject;
			attributes = {
				LastSwiftUpdateCheck = 0920;
				LastUpgradeCheck = 0920;
				ORGANIZATIONNAME = "Anurag Kumar Yadav";
				TargetAttributes = {
					BD2B6A1F2060A9420096C2EA = {
						CreatedOnToolsVersion = 9.2;
						ProvisioningStyle = Automatic;
					};
					BD2B6A332060A9420096C2EA = {
						CreatedOnToolsVersion = 9.2;
						ProvisioningStyle = Automatic;
						TestTargetID = BD2B6A1F2060A9420096C2EA;
					};
					BD2B6A3E2060A9430096C2EA = {
						CreatedOnToolsVersion = 9.2;
						ProvisioningStyle = Automatic;
						TestTargetID = BD2B6A1F2060A9420096C2EA;
					};
				};
			};
			buildConfigurationList = BD2B6A1B2060A9420096C2EA /* Build configuration list for PBXProject "parseChat" */;
			compatibilityVersion = "Xcode 8.0";
			developmentRegion = en;
			hasScannedForEncodings = 0;
			knownRegions = (
				en,
				Base,
			);
			mainGroup = BD2B6A172060A9420096C2EA;
			productRefGroup = BD2B6A212060A9420096C2EA /* Products */;
			projectDirPath = "";
			projectRoot = "";
			targets = (
				BD2B6A1F2060A9420096C2EA /* parseChat */,
				BD2B6A332060A9420096C2EA /* parseChatTests */,
				BD2B6A3E2060A9430096C2EA /* parseChatUITests */,
			);
		};
/* End PBXProject section */

/* Begin PBXResourcesBuildPhase section */
		BD2B6A1E2060A9420096C2EA /* Resources */ = {
			isa = PBXResourcesBuildPhase;
			buildActionMask = 2147483647;
			files = (
				BD2B6A2E2060A9420096C2EA /* LaunchScreen.storyboard in Resources */,
				BD2B6A2B2060A9420096C2EA /* Assets.xcassets in Resources */,
				BD2B6A292060A9420096C2EA /* Main.storyboard in Resources */,
			);
			runOnlyForDeploymentPostprocessing = 0;
		};
		BD2B6A322060A9420096C2EA /* Resources */ = {
			isa = PBXResourcesBuildPhase;
			buildActionMask = 2147483647;
			files = (
			);
			runOnlyForDeploymentPostprocessing = 0;
		};
		BD2B6A3D2060A9430096C2EA /* Resources */ = {
			isa = PBXResourcesBuildPhase;
			buildActionMask = 2147483647;
			files = (
			);
			runOnlyForDeploymentPostprocessing = 0;
		};
/* End PBXResourcesBuildPhase section */

/* Begin PBXSourcesBuildPhase section */
		BD2B6A1C2060A9420096C2EA /* Sources */ = {
			isa = PBXSourcesBuildPhase;
			buildActionMask = 2147483647;
			files = (
				BD2B6A262060A9420096C2EA /* ViewController.swift in Sources */,
				BD2B6A242060A9420096C2EA /* AppDelegate.swift in Sources */,
			);
			runOnlyForDeploymentPostprocessing = 0;
		};
		BD2B6A302060A9420096C2EA /* Sources */ = {
			isa = PBXSourcesBuildPhase;
			buildActionMask = 2147483647;
			files = (
				BD2B6A392060A9420096C2EA /* parseChatTests.swift in Sources */,
			);
			runOnlyForDeploymentPostprocessing = 0;
		};
		BD2B6A3B2060A9430096C2EA /* Sources */ = {
			isa = PBXSourcesBuildPhase;
			buildActionMask = 2147483647;
			files = (
				BD2B6A442060A9430096C2EA /* parseChatUITests.swift in Sources */,
			);
			runOnlyForDeploymentPostprocessing = 0;
		};
/* End PBXSourcesBuildPhase section */

/* Begin PBXTargetDependency section */
		BD2B6A362060A9420096C2EA /* PBXTargetDependency */ = {
			isa = PBXTargetDependency;
			target = BD2B6A1F2060A9420096C2EA /* parseChat */;
			targetProxy = BD2B6A352060A9420096C2EA /* PBXContainerItemProxy */;
		};
		BD2B6A412060A9430096C2EA /* PBXTargetDependency */ = {
			isa = PBXTargetDependency;
			target = BD2B6A1F2060A9420096C2EA /* parseChat */;
			targetProxy = BD2B6A402060A9430096C2EA /* PBXContainerItemProxy */;
		};
/* End PBXTargetDependency section */

/* Begin PBXVariantGroup section */
		BD2B6A272060A9420096C2EA /* Main.storyboard */ = {
			isa = PBXVariantGroup;
			children = (
				BD2B6A282060A9420096C2EA /* Base */,
			);
			name = Main.storyboard;
			sourceTree = "<group>";
		};
		BD2B6A2C2060A9420096C2EA /* LaunchScreen.storyboard */ = {
			isa = PBXVariantGroup;
			children = (
				BD2B6A2D2060A9420096C2EA /* Base */,
			);
			name = LaunchScreen.storyboard;
			sourceTree = "<group>";
		};
/* End PBXVariantGroup section */

/* Begin XCBuildConfiguration section */
		BD2B6A462060A9430096C2EA /* Debug */ = {
			isa = XCBuildConfiguration;
			buildSettings = {
				ALWAYS_SEARCH_USER_PATHS = NO;
				CLANG_ANALYZER_NONNULL = YES;
				CLANG_ANALYZER_NUMBER_OBJECT_CONVERSION = YES_AGGRESSIVE;
				CLANG_CXX_LANGUAGE_STANDARD = "gnu++14";
				CLANG_CXX_LIBRARY = "libc++";
				CLANG_ENABLE_MODULES = YES;
				CLANG_ENABLE_OBJC_ARC = YES;
				CLANG_WARN_BLOCK_CAPTURE_AUTORELEASING = YES;
				CLANG_WARN_BOOL_CONVERSION = YES;
				CLANG_WARN_COMMA = YES;
				CLANG_WARN_CONSTANT_CONVERSION = YES;
				CLANG_WARN_DIRECT_OBJC_ISA_USAGE = YES_ERROR;
				CLANG_WARN_DOCUMENTATION_COMMENTS = YES;
				CLANG_WARN_EMPTY_BODY = YES;
				CLANG_WARN_ENUM_CONVERSION = YES;
				CLANG_WARN_INFINITE_RECURSION = YES;
				CLANG_WARN_INT_CONVERSION = YES;
				CLANG_WARN_NON_LITERAL_NULL_CONVERSION = YES;
				CLANG_WARN_OBJC_LITERAL_CONVERSION = YES;
				CLANG_WARN_OBJC_ROOT_CLASS = YES_ERROR;
				CLANG_WARN_RANGE_LOOP_ANALYSIS = YES;
				CLANG_WARN_STRICT_PROTOTYPES = YES;
				CLANG_WARN_SUSPICIOUS_MOVE = YES;
				CLANG_WARN_UNGUARDED_AVAILABILITY = YES_AGGRESSIVE;
				CLANG_WARN_UNREACHABLE_CODE = YES;
				CLANG_WARN__DUPLICATE_METHOD_MATCH = YES;
				CODE_SIGN_IDENTITY = "iPhone Developer";
				COPY_PHASE_STRIP = NO;
				DEBUG_INFORMATION_FORMAT = dwarf;
				ENABLE_STRICT_OBJC_MSGSEND = YES;
				ENABLE_TESTABILITY = YES;
				GCC_C_LANGUAGE_STANDARD = gnu11;
				GCC_DYNAMIC_NO_PIC = NO;
				GCC_NO_COMMON_BLOCKS = YES;
				GCC_OPTIMIZATION_LEVEL = 0;
				GCC_PREPROCESSOR_DEFINITIONS = (
					"DEBUG=1",
					"$(inherited)",
				);
				GCC_WARN_64_TO_32_BIT_CONVERSION = YES;
				GCC_WARN_ABOUT_RETURN_TYPE = YES_ERROR;
				GCC_WARN_UNDECLARED_SELECTOR = YES;
				GCC_WARN_UNINITIALIZED_AUTOS = YES_AGGRESSIVE;
				GCC_WARN_UNUSED_FUNCTION = YES;
				GCC_WARN_UNUSED_VARIABLE = YES;
				IPHONEOS_DEPLOYMENT_TARGET = 11.2;
				MTL_ENABLE_DEBUG_INFO = YES;
				ONLY_ACTIVE_ARCH = YES;
				SDKROOT = iphoneos;
				SWIFT_ACTIVE_COMPILATION_CONDITIONS = DEBUG;
				SWIFT_OPTIMIZATION_LEVEL = "-Onone";
			};
			name = Debug;
		};
		BD2B6A472060A9430096C2EA /* Release */ = {
			isa = XCBuildConfiguration;
			buildSettings = {
				ALWAYS_SEARCH_USER_PATHS = NO;
				CLANG_ANALYZER_NONNULL = YES;
				CLANG_ANALYZER_NUMBER_OBJECT_CONVERSION = YES_AGGRESSIVE;
				CLANG_CXX_LANGUAGE_STANDARD = "gnu++14";
				CLANG_CXX_LIBRARY = "libc++";
				CLANG_ENABLE_MODULES = YES;
				CLANG_ENABLE_OBJC_ARC = YES;
				CLANG_WARN_BLOCK_CAPTURE_AUTORELEASING = YES;
				CLANG_WARN_BOOL_CONVERSION = YES;
				CLANG_WARN_COMMA = YES;
				CLANG_WARN_CONSTANT_CONVERSION = YES;
				CLANG_WARN_DIRECT_OBJC_ISA_USAGE = YES_ERROR;
				CLANG_WARN_DOCUMENTATION_COMMENTS = YES;
				CLANG_WARN_EMPTY_BODY = YES;
				CLANG_WARN_ENUM_CONVERSION = YES;
				CLANG_WARN_INFINITE_RECURSION = YES;
				CLANG_WARN_INT_CONVERSION = YES;
				CLANG_WARN_NON_LITERAL_NULL_CONVERSION = YES;
				CLANG_WARN_OBJC_LITERAL_CONVERSION = YES;
				CLANG_WARN_OBJC_ROOT_CLASS = YES_ERROR;
				CLANG_WARN_RANGE_LOOP_ANALYSIS = YES;
				CLANG_WARN_STRICT_PROTOTYPES = YES;
				CLANG_WARN_SUSPICIOUS_MOVE = YES;
				CLANG_WARN_UNGUARDED_AVAILABILITY = YES_AGGRESSIVE;
				CLANG_WARN_UNREACHABLE_CODE = YES;
				CLANG_WARN__DUPLICATE_METHOD_MATCH = YES;
				CODE_SIGN_IDENTITY = "iPhone Developer";
				COPY_PHASE_STRIP = NO;
				DEBUG_INFORMATION_FORMAT = "dwarf-with-dsym";
				ENABLE_NS_ASSERTIONS = NO;
				ENABLE_STRICT_OBJC_MSGSEND = YES;
				GCC_C_LANGUAGE_STANDARD = gnu11;
				GCC_NO_COMMON_BLOCKS = YES;
				GCC_WARN_64_TO_32_BIT_CONVERSION = YES;
				GCC_WARN_ABOUT_RETURN_TYPE = YES_ERROR;
				GCC_WARN_UNDECLARED_SELECTOR = YES;
				GCC_WARN_UNINITIALIZED_AUTOS = YES_AGGRESSIVE;
				GCC_WARN_UNUSED_FUNCTION = YES;
				GCC_WARN_UNUSED_VARIABLE = YES;
				IPHONEOS_DEPLOYMENT_TARGET = 11.2;
				MTL_ENABLE_DEBUG_INFO = NO;
				SDKROOT = iphoneos;
				SWIFT_OPTIMIZATION_LEVEL = "-Owholemodule";
				VALIDATE_PRODUCT = YES;
			};
			name = Release;
		};
		BD2B6A492060A9430096C2EA /* Debug */ = {
			isa = XCBuildConfiguration;
			buildSettings = {
				ASSETCATALOG_COMPILER_APPICON_NAME = AppIcon;
				CODE_SIGN_STYLE = Automatic;
				INFOPLIST_FILE = parseChat/Info.plist;
				LD_RUNPATH_SEARCH_PATHS = "$(inherited) @executable_path/Frameworks";
				PRODUCT_BUNDLE_IDENTIFIER = com.codepath.parseChat;
				PRODUCT_NAME = "$(TARGET_NAME)";
				SWIFT_VERSION = 4.0;
				TARGETED_DEVICE_FAMILY = "1,2";
			};
			name = Debug;
		};
		BD2B6A4A2060A9430096C2EA /* Release */ = {
			isa = XCBuildConfiguration;
			buildSettings = {
				ASSETCATALOG_COMPILER_APPICON_NAME = AppIcon;
				CODE_SIGN_STYLE = Automatic;
				INFOPLIST_FILE = parseChat/Info.plist;
				LD_RUNPATH_SEARCH_PATHS = "$(inherited) @executable_path/Frameworks";
				PRODUCT_BUNDLE_IDENTIFIER = com.codepath.parseChat;
				PRODUCT_NAME = "$(TARGET_NAME)";
				SWIFT_VERSION = 4.0;
				TARGETED_DEVICE_FAMILY = "1,2";
			};
			name = Release;
		};
		BD2B6A4C2060A9430096C2EA /* Debug */ = {
			isa = XCBuildConfiguration;
			buildSettings = {
				ALWAYS_EMBED_SWIFT_STANDARD_LIBRARIES = YES;
				BUNDLE_LOADER = "$(TEST_HOST)";
				CODE_SIGN_STYLE = Automatic;
				INFOPLIST_FILE = parseChatTests/Info.plist;
				LD_RUNPATH_SEARCH_PATHS = "$(inherited) @executable_path/Frameworks @loader_path/Frameworks";
				PRODUCT_BUNDLE_IDENTIFIER = com.codepath.parseChatTests;
				PRODUCT_NAME = "$(TARGET_NAME)";
				SWIFT_VERSION = 4.0;
				TARGETED_DEVICE_FAMILY = "1,2";
				TEST_HOST = "$(BUILT_PRODUCTS_DIR)/parseChat.app/parseChat";
			};
			name = Debug;
		};
		BD2B6A4D2060A9430096C2EA /* Release */ = {
			isa = XCBuildConfiguration;
			buildSettings = {
				ALWAYS_EMBED_SWIFT_STANDARD_LIBRARIES = YES;
				BUNDLE_LOADER = "$(TEST_HOST)";
				CODE_SIGN_STYLE = Automatic;
				INFOPLIST_FILE = parseChatTests/Info.plist;
				LD_RUNPATH_SEARCH_PATHS = "$(inherited) @executable_path/Frameworks @loader_path/Frameworks";
				PRODUCT_BUNDLE_IDENTIFIER = com.codepath.parseChatTests;
				PRODUCT_NAME = "$(TARGET_NAME)";
				SWIFT_VERSION = 4.0;
				TARGETED_DEVICE_FAMILY = "1,2";
				TEST_HOST = "$(BUILT_PRODUCTS_DIR)/parseChat.app/parseChat";
			};
			name = Release;
		};
		BD2B6A4F2060A9430096C2EA /* Debug */ = {
			isa = XCBuildConfiguration;
			buildSettings = {
				ALWAYS_EMBED_SWIFT_STANDARD_LIBRARIES = YES;
				CODE_SIGN_STYLE = Automatic;
				INFOPLIST_FILE = parseChatUITests/Info.plist;
				LD_RUNPATH_SEARCH_PATHS = "$(inherited) @executable_path/Frameworks @loader_path/Frameworks";
				PRODUCT_BUNDLE_IDENTIFIER = com.codepath.parseChatUITests;
				PRODUCT_NAME = "$(TARGET_NAME)";
				SWIFT_VERSION = 4.0;
				TARGETED_DEVICE_FAMILY = "1,2";
				TEST_TARGET_NAME = parseChat;
			};
			name = Debug;
		};
		BD2B6A502060A9430096C2EA /* Release */ = {
			isa = XCBuildConfiguration;
			buildSettings = {
				ALWAYS_EMBED_SWIFT_STANDARD_LIBRARIES = YES;
				CODE_SIGN_STYLE = Automatic;
				INFOPLIST_FILE = parseChatUITests/Info.plist;
				LD_RUNPATH_SEARCH_PATHS = "$(inherited) @executable_path/Frameworks @loader_path/Frameworks";
				PRODUCT_BUNDLE_IDENTIFIER = com.codepath.parseChatUITests;
				PRODUCT_NAME = "$(TARGET_NAME)";
				SWIFT_VERSION = 4.0;
				TARGETED_DEVICE_FAMILY = "1,2";
				TEST_TARGET_NAME = parseChat;
			};
			name = Release;
		};
/* End XCBuildConfiguration section */

/* Begin XCConfigurationList section */
		BD2B6A1B2060A9420096C2EA /* Build configuration list for PBXProject "parseChat" */ = {
			isa = XCConfigurationList;
			buildConfigurations = (
				BD2B6A462060A9430096C2EA /* Debug */,
				BD2B6A472060A9430096C2EA /* Release */,
			);
			defaultConfigurationIsVisible = 0;
			defaultConfigurationName = Release;
		};
		BD2B6A482060A9430096C2EA /* Build configuration list for PBXNativeTarget "parseChat" */ = {
			isa = XCConfigurationList;
			buildConfigurations = (
				BD2B6A492060A9430096C2EA /* Debug */,
				BD2B6A4A2060A9430096C2EA /* Release */,
			);
			defaultConfigurationIsVisible = 0;
			defaultConfigurationName = Release;
		};
		BD2B6A4B2060A9430096C2EA /* Build configuration list for PBXNativeTarget "parseChatTests" */ = {
			isa = XCConfigurationList;
			buildConfigurations = (
				BD2B6A4C2060A9430096C2EA /* Debug */,
				BD2B6A4D2060A9430096C2EA /* Release */,
			);
			defaultConfigurationIsVisible = 0;
			defaultConfigurationName = Release;
		};
		BD2B6A4E2060A9430096C2EA /* Build configuration list for PBXNativeTarget "parseChatUITests" */ = {
			isa = XCConfigurationList;
			buildConfigurations = (
				BD2B6A4F2060A9430096C2EA /* Debug */,
				BD2B6A502060A9430096C2EA /* Release */,
			);
			defaultConfigurationIsVisible = 0;
			defaultConfigurationName = Release;
		};
/* End XCConfigurationList section */
	};
	rootObject = BD2B6A182060A9420096C2EA /* Project object */;
}
